
Microsoft Visual Studio Solution File, Format Version 12.00
# Visual Studio Version 17
VisualStudioVersion = 17.1.32421.90
MinimumVisualStudioVersion = 10.0.40219.1
Project("{FAE04EC0-301F-11D3-BF4B-00C04F79EFBC}") = "pract02", "pract02.csproj", "{037B3615-2B4D-4715-BB5F-C67A65F8AEDE}"
EndProject
Project("{FAE04EC0-301F-11D3-BF4B-00C04F79EFBC}") = "pract02_2", "..\pract02_2\pract02_2.csproj", "{A5478BC4-6A24-410A-8C5B-A1395A4E414F}"
EndProject
Project("{FAE04EC0-301F-11D3-BF4B-00C04F79EFBC}") = "pract02_3", "..\pract02_3\pract02_3.csproj", "{719C8945-BE06-4627-AC61-49D7EF51F4FE}"
EndProject
Project("{FAE04EC0-301F-11D3-BF4B-00C04F79EFBC}") = "SolutionFormTests", "..\SolutionFormTests\SolutionFormTests.csproj", "{84C11B8D-57FE-4CE4-8DD0-55A718D93E6A}"
EndProject
Project("{FAE04EC0-301F-11D3-BF4B-00C04F79EFBC}") = "pract02_4", "..\pract02_4\pract02_4.csproj", "{A4BB6B8C-9183-4E9F-B806-E778E38CD45B}"
EndProject
Global
	GlobalSection(SolutionConfigurationPlatforms) = preSolution
		Debug|Any CPU = Debug|Any CPU
		Release|Any CPU = Release|Any CPU
	EndGlobalSection
	GlobalSection(ProjectConfigurationPlatforms) = postSolution
		{037B3615-2B4D-4715-BB5F-C67A65F8AEDE}.Debug|Any CPU.ActiveCfg = Debug|Any CPU
		{037B3615-2B4D-4715-BB5F-C67A65F8AEDE}.Debug|Any CPU.Build.0 = Debug|Any CPU
		{037B3615-2B4D-4715-BB5F-C67A65F8AEDE}.Release|Any CPU.ActiveCfg = Release|Any CPU
		{037B3615-2B4D-4715-BB5F-C67A65F8AEDE}.Release|Any CPU.Build.0 = Release|Any CPU
		{A5478BC4-6A24-410A-8C5B-A1395A4E414F}.Debug|Any CPU.ActiveCfg = Debug|Any CPU
		{A5478BC4-6A24-410A-8C5B-A1395A4E414F}.Debug|Any CPU.Build.0 = Debug|Any CPU
		{A5478BC4-6A24-410A-8C5B-A1395A4E414F}.Release|Any CPU.ActiveCfg = Release|Any CPU
		{A5478BC4-6A24-410A-8C5B-A1395A4E414F}.Release|Any CPU.Build.0 = Release|Any CPU
		{719C8945-BE06-4627-AC61-49D7EF51F4FE}.Debug|Any CPU.ActiveCfg = Debug|Any CPU
		{719C8945-BE06-4627-AC61-49D7EF51F4FE}.Debug|Any CPU.Build.0 = Debug|Any CPU
		{719C8945-BE06-4627-AC61-49D7EF51F4FE}.Release|Any CPU.ActiveCfg = Release|Any CPU
		{719C8945-BE06-4627-AC61-49D7EF51F4FE}.Release|Any CPU.Build.0 = Release|Any CPU
		{84C11B8D-57FE-4CE4-8DD0-55A718D93E6A}.Debug|Any CPU.ActiveCfg = Debug|Any CPU
		{84C11B8D-57FE-4CE4-8DD0-55A718D93E6A}.Debug|Any CPU.Build.0 = Debug|Any CPU
		{84C11B8D-57FE-4CE4-8DD0-55A718D93E6A}.Release|Any CPU.ActiveCfg = Release|Any CPU
		{84C11B8D-57FE-4CE4-8DD0-55A718D93E6A}.Release|Any CPU.Build.0 = Release|Any CPU
		{A4BB6B8C-9183-4E9F-B806-E778E38CD45B}.Debug|Any CPU.ActiveCfg = Debug|Any CPU
		{A4BB6B8C-9183-4E9F-B806-E778E38CD45B}.Debug|Any CPU.Build.0 = Debug|Any CPU
		{A4BB6B8C-9183-4E9F-B806-E778E38CD45B}.Release|Any CPU.ActiveCfg = Release|Any CPU
		{A4BB6B8C-9183-4E9F-B806-E778E38CD45B}.Release|Any CPU.Build.0 = Release|Any CPU
	EndGlobalSection
	GlobalSection(SolutionProperties) = preSolution
		HideSolutionNode = FALSE
	EndGlobalSection
	GlobalSection(ExtensibilityGlobals) = postSolution
		SolutionGuid = {4DDE272F-2D3C-44B7-8F1F-2F6A0142CE4F}
	EndGlobalSection
EndGlobal
